{
  "name": "sever",
  "version": "1.0.0",
  "lockfileVersion": 1,
  "requires": true,
  "dependencies": {
    "child_process": {
      "version": "1.0.2",
      "resolved": "https://registry.npmjs.org/child_process/-/child_process-1.0.2.tgz",
      "integrity": "sha1-sffn/HPSXn/R1FWtyU4UODAYK1o="
    },
    "gpio": {
      "version": "0.2.10",
      "resolved": "https://registry.npmjs.org/gpio/-/gpio-0.2.10.tgz",
      "integrity": "sha512-VBFvAye/pK/oWHDUCa2F8jyrtHhnHXR/zHxMz3REEgznfMCQyzy6yRU8hFNuMSO+AG3YN4fH71Suj6mvM3cG3w=="
    },
    "sys": {
      "version": "0.0.1",
      "resolved": "https://registry.npmjs.org/sys/-/sys-0.0.1.tgz",
      "integrity": "sha1-NIDMaVcUkFt6vOUKVaWjmFmX5hk="
    },
    "ws": {
      "version": "8.2.2",
      "resolved": "https://registry.npmjs.org/ws/-/ws-8.2.2.tgz",
      "integrity": "sha512-Q6B6H2oc8QY3llc3cB8kVmQ6pnJWVQbP7Q5algTcIxx7YEpc0oU4NBVHlztA7Ekzfhw2r0rPducMUiCGWKQRzw=="
    }
  }
}
